hash: f8fccdf3a80a82da1b3145f1934fb127bb013961d4cb404bb3739f25cf4c6559
updated: 2016-09-22T17:35:47.696292784+12:00
imports:
- name: github.com/aws/aws-sdk-go
  version: 7a81396c57134038e554b2ac86be4653018b20f9
  subpackages:
  - aws
  - aws/awserr
  - aws/awsutil
  - aws/client
  - aws/client/metadata
  - aws/corehandlers
  - aws/credentials
  - aws/credentials/ec2rolecreds
  - aws/credentials/endpointcreds
  - aws/credentials/stscreds
  - aws/defaults
  - aws/ec2metadata
  - aws/request
  - aws/session
  - aws/signer/v4
  - private/endpoints
  - private/protocol
  - private/protocol/json/jsonutil
  - private/protocol/jsonrpc
  - private/protocol/query
  - private/protocol/query/queryutil
  - private/protocol/rest
  - private/protocol/xml/xmlutil
  - private/signer/v4
  - private/waiter
  - service/ecs
  - service/sts
- name: github.com/go-ini/ini
  version: a4e5487f4a695680ed4a5444b9a094df8eaf48cb
- name: github.com/jmespath/go-jmespath
  version: c01cf91b011868172fdcd9f41838e80c9d716264
testImports: []
