hash: d55ff587ee3b01079f5f0b5407bef474ca805d3d8a26949b5f0ec775e5737ecf
updated: 2018-07-02T14:24:21.180945+12:00
imports:
- name: github.com/aws/aws-sdk-go
  version: 852052a10992d92f68b9a60862a3312292524903
  subpackages:
  - aws
  - aws/awserr
  - aws/awsutil
  - aws/client
  - aws/client/metadata
  - aws/corehandlers
  - aws/credentials
  - aws/credentials/ec2rolecreds
  - aws/credentials/endpointcreds
  - aws/credentials/stscreds
  - aws/csm
  - aws/defaults
  - aws/ec2metadata
  - aws/endpoints
  - aws/request
  - aws/session
  - aws/signer/v4
  - internal/sdkio
  - internal/sdkrand
  - internal/shareddefaults
  - private/endpoints
  - private/protocol
  - private/protocol/json/jsonutil
  - private/protocol/jsonrpc
  - private/protocol/query
  - private/protocol/query/queryutil
  - private/protocol/rest
  - private/protocol/xml/xmlutil
  - private/signer/v4
  - private/waiter
  - service/ecs
  - service/sts
- name: github.com/go-ini/ini
  version: a4e5487f4a695680ed4a5444b9a094df8eaf48cb
- name: github.com/jmespath/go-jmespath
  version: c01cf91b011868172fdcd9f41838e80c9d716264
testImports: []
